
Microsoft Visual Studio Solution File, Format Version 12.00
# Visual Studio Version 16
VisualStudioVersion = 16.0.29613.14
MinimumVisualStudioVersion = 10.0.40219.1
Project("{FAE04EC0-301F-11D3-BF4B-00C04F79EFBC}") = "C8", "C8.csproj", "{2AE438AD-C6F5-4D3E-9690-01D95058B9D1}"
EndProject
Global
	GlobalSection(SolutionConfigurationPlatforms) = preSolution
		Debug|Any CPU = Debug|Any CPU
		Release|Any CPU = Release|Any CPU
	EndGlobalSection
	GlobalSection(ProjectConfigurationPlatforms) = postSolution
		{2AE438AD-C6F5-4D3E-9690-01D95058B9D1}.Debug|Any CPU.ActiveCfg = Debug|Any CPU
		{2AE438AD-C6F5-4D3E-9690-01D95058B9D1}.Debug|Any CPU.Build.0 = Debug|Any CPU
		{2AE438AD-C6F5-4D3E-9690-01D95058B9D1}.Release|Any CPU.ActiveCfg = Release|Any CPU
		{2AE438AD-C6F5-4D3E-9690-01D95058B9D1}.Release|Any CPU.Build.0 = Release|Any CPU
	EndGlobalSection
	GlobalSection(SolutionProperties) = preSolution
		HideSolutionNode = FALSE
	EndGlobalSection
	GlobalSection(ExtensibilityGlobals) = postSolution
		SolutionGuid = {288014A7-AE2F-4EED-B96F-F674AADE1A87}
	EndGlobalSection
EndGlobal
