
Microsoft Visual Studio Solution File, Format Version 12.00
# Visual Studio Version 16
VisualStudioVersion = 16.0.29613.14
MinimumVisualStudioVersion = 10.0.40219.1
Project("{FAE04EC0-301F-11D3-BF4B-00C04F79EFBC}") = "C08", "C08.csproj", "{2F83304C-81C0-4B88-A59C-67B532E01EEF}"
EndProject
Global
	GlobalSection(SolutionConfigurationPlatforms) = preSolution
		Debug|Any CPU = Debug|Any CPU
		Release|Any CPU = Release|Any CPU
	EndGlobalSection
	GlobalSection(ProjectConfigurationPlatforms) = postSolution
		{2F83304C-81C0-4B88-A59C-67B532E01EEF}.Debug|Any CPU.ActiveCfg = Debug|Any CPU
		{2F83304C-81C0-4B88-A59C-67B532E01EEF}.Debug|Any CPU.Build.0 = Debug|Any CPU
		{2F83304C-81C0-4B88-A59C-67B532E01EEF}.Release|Any CPU.ActiveCfg = Release|Any CPU
		{2F83304C-81C0-4B88-A59C-67B532E01EEF}.Release|Any CPU.Build.0 = Release|Any CPU
	EndGlobalSection
	GlobalSection(SolutionProperties) = preSolution
		HideSolutionNode = FALSE
	EndGlobalSection
	GlobalSection(ExtensibilityGlobals) = postSolution
		SolutionGuid = {FCFE6912-6259-4163-BCD2-E61033266C73}
	EndGlobalSection
EndGlobal
